
Microsoft Visual Studio Solution File, Format Version 12.00
# Visual Studio Version 17
VisualStudioVersion = 17.8.34511.84
MinimumVisualStudioVersion = 10.0.40219.1
Project("{FAE04EC0-301F-11D3-BF4B-00C04F79EFBC}") = "My Notebook", "Notebook\My Notebook.csproj", "{F2090F0F-A1F2-43C0-8530-B85FCA740335}"
EndProject
Project("{54435603-DBB4-11D2-8724-00A0C9A8B90C}") = "My Notebook 1.2.6", "My Notebook 1.2.6\My Notebook 1.2.6.vdproj", "{A76D8ED0-41C2-4354-810B-71ABEC749151}"
EndProject
Global
	GlobalSection(SolutionConfigurationPlatforms) = preSolution
		Debug|Any CPU = Debug|Any CPU
		Release|Any CPU = Release|Any CPU
	EndGlobalSection
	GlobalSection(ProjectConfigurationPlatforms) = postSolution
		{F2090F0F-A1F2-43C0-8530-B85FCA740335}.Debug|Any CPU.ActiveCfg = Debug|Any CPU
		{F2090F0F-A1F2-43C0-8530-B85FCA740335}.Debug|Any CPU.Build.0 = Debug|Any CPU
		{F2090F0F-A1F2-43C0-8530-B85FCA740335}.Release|Any CPU.ActiveCfg = Release|Any CPU
		{F2090F0F-A1F2-43C0-8530-B85FCA740335}.Release|Any CPU.Build.0 = Release|Any CPU
		{A76D8ED0-41C2-4354-810B-71ABEC749151}.Debug|Any CPU.ActiveCfg = Debug
		{A76D8ED0-41C2-4354-810B-71ABEC749151}.Release|Any CPU.ActiveCfg = Release
	EndGlobalSection
	GlobalSection(SolutionProperties) = preSolution
		HideSolutionNode = FALSE
	EndGlobalSection
	GlobalSection(ExtensibilityGlobals) = postSolution
		SolutionGuid = {97ADC25F-E755-49C0-94DA-642401258553}
	EndGlobalSection
EndGlobal
